
Microsoft Visual Studio Solution File, Format Version 12.00
# Visual Studio Version 17
VisualStudioVersion = 17.10.35013.160
MinimumVisualStudioVersion = 10.0.40219.1
Project("{2150E333-8FDC-42A3-9474-1A3956D46DE8}") = "EntegreNet.ProductMicroservice", "EntegreNet.ProductMicroservice", "{48D5563E-41C4-4986-896A-A3F0477AF3E2}"
EndProject
Project("{2150E333-8FDC-42A3-9474-1A3956D46DE8}") = "Product", "Product", "{FBC04576-2FE9-4982-B4E4-66B0B5E26FE3}"
EndProject
Project("{9A19103F-16F7-4668-BE54-9A1E7A4F7556}") = "Product.Application", "EntegreNet.ProductMicroservice\Product\Product.Application\Product.Application.csproj", "{14F6F2E1-89C5-4AB3-A899-D3C2F36BC1B5}"
EndProject
Project("{9A19103F-16F7-4668-BE54-9A1E7A4F7556}") = "Product.Data", "EntegreNet.ProductMicroservice\Product\Product.Data\Product.Data.csproj", "{4D636DC3-E71E-4A47-B360-05A396FEC1E6}"
EndProject
Project("{9A19103F-16F7-4668-BE54-9A1E7A4F7556}") = "Product.Domain", "EntegreNet.ProductMicroservice\Product\Product.Domain\Product.Domain\Product.Domain.csproj", "{74DA2260-E0DE-4093-A65F-5CBA79EED8A7}"
EndProject
Project("{FAE04EC0-301F-11D3-BF4B-00C04F79EFBC}") = "Product.API", "EntegreNet.ProductMicroservice\Product\Product.API\Product.API.csproj", "{735429A7-B10F-45F5-9A5E-D94000E0D6E6}"
EndProject
Global
	GlobalSection(SolutionConfigurationPlatforms) = preSolution
		Debug|Any CPU = Debug|Any CPU
		Release|Any CPU = Release|Any CPU
	EndGlobalSection
	GlobalSection(ProjectConfigurationPlatforms) = postSolution
		{14F6F2E1-89C5-4AB3-A899-D3C2F36BC1B5}.Debug|Any CPU.ActiveCfg = Debug|Any CPU
		{14F6F2E1-89C5-4AB3-A899-D3C2F36BC1B5}.Debug|Any CPU.Build.0 = Debug|Any CPU
		{14F6F2E1-89C5-4AB3-A899-D3C2F36BC1B5}.Release|Any CPU.ActiveCfg = Release|Any CPU
		{14F6F2E1-89C5-4AB3-A899-D3C2F36BC1B5}.Release|Any CPU.Build.0 = Release|Any CPU
		{4D636DC3-E71E-4A47-B360-05A396FEC1E6}.Debug|Any CPU.ActiveCfg = Debug|Any CPU
		{4D636DC3-E71E-4A47-B360-05A396FEC1E6}.Debug|Any CPU.Build.0 = Debug|Any CPU
		{4D636DC3-E71E-4A47-B360-05A396FEC1E6}.Release|Any CPU.ActiveCfg = Release|Any CPU
		{4D636DC3-E71E-4A47-B360-05A396FEC1E6}.Release|Any CPU.Build.0 = Release|Any CPU
		{74DA2260-E0DE-4093-A65F-5CBA79EED8A7}.Debug|Any CPU.ActiveCfg = Debug|Any CPU
		{74DA2260-E0DE-4093-A65F-5CBA79EED8A7}.Debug|Any CPU.Build.0 = Debug|Any CPU
		{74DA2260-E0DE-4093-A65F-5CBA79EED8A7}.Release|Any CPU.ActiveCfg = Release|Any CPU
		{74DA2260-E0DE-4093-A65F-5CBA79EED8A7}.Release|Any CPU.Build.0 = Release|Any CPU
		{735429A7-B10F-45F5-9A5E-D94000E0D6E6}.Debug|Any CPU.ActiveCfg = Debug|Any CPU
		{735429A7-B10F-45F5-9A5E-D94000E0D6E6}.Debug|Any CPU.Build.0 = Debug|Any CPU
		{735429A7-B10F-45F5-9A5E-D94000E0D6E6}.Release|Any CPU.ActiveCfg = Release|Any CPU
		{735429A7-B10F-45F5-9A5E-D94000E0D6E6}.Release|Any CPU.Build.0 = Release|Any CPU
	EndGlobalSection
	GlobalSection(SolutionProperties) = preSolution
		HideSolutionNode = FALSE
	EndGlobalSection
	GlobalSection(NestedProjects) = preSolution
		{FBC04576-2FE9-4982-B4E4-66B0B5E26FE3} = {48D5563E-41C4-4986-896A-A3F0477AF3E2}
		{14F6F2E1-89C5-4AB3-A899-D3C2F36BC1B5} = {FBC04576-2FE9-4982-B4E4-66B0B5E26FE3}
		{4D636DC3-E71E-4A47-B360-05A396FEC1E6} = {FBC04576-2FE9-4982-B4E4-66B0B5E26FE3}
		{74DA2260-E0DE-4093-A65F-5CBA79EED8A7} = {FBC04576-2FE9-4982-B4E4-66B0B5E26FE3}
		{735429A7-B10F-45F5-9A5E-D94000E0D6E6} = {FBC04576-2FE9-4982-B4E4-66B0B5E26FE3}
	EndGlobalSection
	GlobalSection(ExtensibilityGlobals) = postSolution
		SolutionGuid = {4F0D750B-E9F2-4599-B018-FF9634A80B05}
	EndGlobalSection
EndGlobal
