
Microsoft Visual Studio Solution File, Format Version 12.00
# Visual Studio Version 17
VisualStudioVersion = 17.10.35013.160
MinimumVisualStudioVersion = 10.0.40219.1
Project("{9A19103F-16F7-4668-BE54-9A1E7A4F7556}") = "ProductMicroservice.Entities", "ProductMicroService\Libraries\ProductMicroservice.Entities\ProductMicroservice.Entities.csproj", "{ECD4F01C-5D13-48FD-9C37-E30CE3E5E194}"
EndProject
Project("{2150E333-8FDC-42A3-9474-1A3956D46DE8}") = "Libraries", "Libraries", "{F4F1B61C-C9AB-462D-9189-951D44220368}"
EndProject
Project("{2150E333-8FDC-42A3-9474-1A3956D46DE8}") = "ProductMicroservice", "ProductMicroservice", "{812F333B-017C-453F-9668-6D56E964302E}"
EndProject
Project("{9A19103F-16F7-4668-BE54-9A1E7A4F7556}") = "ProductMicroservice.Data", "ProductMicroService\Libraries\ProductMicroservice.Data\ProductMicroservice.Data.csproj", "{3EC64521-CC15-4B06-AA93-30DF34D65823}"
EndProject
Project("{9A19103F-16F7-4668-BE54-9A1E7A4F7556}") = "ProductMicroservice.Business", "ProductMicroService\Libraries\ProductMicroservice.Business\ProductMicroservice.Business.csproj", "{B50C5B9C-2587-4AA9-A709-1923EF6FFC44}"
EndProject
Project("{2150E333-8FDC-42A3-9474-1A3956D46DE8}") = "Presentation", "Presentation", "{10866484-B452-4E5D-B782-F5DBCCD46A35}"
EndProject
Project("{9A19103F-16F7-4668-BE54-9A1E7A4F7556}") = "ProductMicroservice.API", "ProductMicroService\Presentation\ProductMicroservice.API\ProductMicroservice.API.csproj", "{74F7ED6B-4D95-4F02-805C-4C1ADB0687D1}"
EndProject
Project("{9A19103F-16F7-4668-BE54-9A1E7A4F7556}") = "ProductMicroservice.Helper", "Libraries\ProductMicroservice.Helper\ProductMicroservice.Helper.csproj", "{CBB8B542-87BF-489F-8F9F-3335CC2E358B}"
EndProject
Project("{2150E333-8FDC-42A3-9474-1A3956D46DE8}") = "CategoryMicroservice", "CategoryMicroservice", "{72CCCB7D-C70E-492A-9509-6F5E5D679FEB}"
EndProject
Project("{9A19103F-16F7-4668-BE54-9A1E7A4F7556}") = "Category.API", "CategoryMicroservice\Category.API\Category.API.csproj", "{5C9694C7-0856-4FA1-BBDD-4D5C6E131964}"
EndProject
Project("{2150E333-8FDC-42A3-9474-1A3956D46DE8}") = "AttributeMicroservice", "AttributeMicroservice", "{DC311660-D7F5-4018-9E8A-B245C9B5ED20}"
EndProject
Project("{9A19103F-16F7-4668-BE54-9A1E7A4F7556}") = "AttributeService", "AttributeMicroservice\AttributeService\AttributeService.csproj", "{59B08B5E-1907-4DC1-AC2F-774F31752B9B}"
EndProject
Project("{E53339B2-1760-4266-BCC7-CA923CBCF16C}") = "docker-compose", "docker-compose.dcproj", "{AC1CEC54-BAC9-4AD5-B764-D42E27F93084}"
EndProject
Global
	GlobalSection(SolutionConfigurationPlatforms) = preSolution
		Debug|Any CPU = Debug|Any CPU
		Release|Any CPU = Release|Any CPU
	EndGlobalSection
	GlobalSection(ProjectConfigurationPlatforms) = postSolution
		{ECD4F01C-5D13-48FD-9C37-E30CE3E5E194}.Debug|Any CPU.ActiveCfg = Debug|Any CPU
		{ECD4F01C-5D13-48FD-9C37-E30CE3E5E194}.Debug|Any CPU.Build.0 = Debug|Any CPU
		{ECD4F01C-5D13-48FD-9C37-E30CE3E5E194}.Release|Any CPU.ActiveCfg = Release|Any CPU
		{ECD4F01C-5D13-48FD-9C37-E30CE3E5E194}.Release|Any CPU.Build.0 = Release|Any CPU
		{3EC64521-CC15-4B06-AA93-30DF34D65823}.Debug|Any CPU.ActiveCfg = Debug|Any CPU
		{3EC64521-CC15-4B06-AA93-30DF34D65823}.Debug|Any CPU.Build.0 = Debug|Any CPU
		{3EC64521-CC15-4B06-AA93-30DF34D65823}.Release|Any CPU.ActiveCfg = Release|Any CPU
		{3EC64521-CC15-4B06-AA93-30DF34D65823}.Release|Any CPU.Build.0 = Release|Any CPU
		{B50C5B9C-2587-4AA9-A709-1923EF6FFC44}.Debug|Any CPU.ActiveCfg = Debug|Any CPU
		{B50C5B9C-2587-4AA9-A709-1923EF6FFC44}.Debug|Any CPU.Build.0 = Debug|Any CPU
		{B50C5B9C-2587-4AA9-A709-1923EF6FFC44}.Release|Any CPU.ActiveCfg = Release|Any CPU
		{B50C5B9C-2587-4AA9-A709-1923EF6FFC44}.Release|Any CPU.Build.0 = Release|Any CPU
		{74F7ED6B-4D95-4F02-805C-4C1ADB0687D1}.Debug|Any CPU.ActiveCfg = Debug|Any CPU
		{74F7ED6B-4D95-4F02-805C-4C1ADB0687D1}.Debug|Any CPU.Build.0 = Debug|Any CPU
		{74F7ED6B-4D95-4F02-805C-4C1ADB0687D1}.Release|Any CPU.ActiveCfg = Release|Any CPU
		{74F7ED6B-4D95-4F02-805C-4C1ADB0687D1}.Release|Any CPU.Build.0 = Release|Any CPU
		{CBB8B542-87BF-489F-8F9F-3335CC2E358B}.Debug|Any CPU.ActiveCfg = Debug|Any CPU
		{CBB8B542-87BF-489F-8F9F-3335CC2E358B}.Debug|Any CPU.Build.0 = Debug|Any CPU
		{CBB8B542-87BF-489F-8F9F-3335CC2E358B}.Release|Any CPU.ActiveCfg = Release|Any CPU
		{CBB8B542-87BF-489F-8F9F-3335CC2E358B}.Release|Any CPU.Build.0 = Release|Any CPU
		{5C9694C7-0856-4FA1-BBDD-4D5C6E131964}.Debug|Any CPU.ActiveCfg = Debug|Any CPU
		{5C9694C7-0856-4FA1-BBDD-4D5C6E131964}.Debug|Any CPU.Build.0 = Debug|Any CPU
		{5C9694C7-0856-4FA1-BBDD-4D5C6E131964}.Release|Any CPU.ActiveCfg = Release|Any CPU
		{5C9694C7-0856-4FA1-BBDD-4D5C6E131964}.Release|Any CPU.Build.0 = Release|Any CPU
		{59B08B5E-1907-4DC1-AC2F-774F31752B9B}.Debug|Any CPU.ActiveCfg = Debug|Any CPU
		{59B08B5E-1907-4DC1-AC2F-774F31752B9B}.Debug|Any CPU.Build.0 = Debug|Any CPU
		{59B08B5E-1907-4DC1-AC2F-774F31752B9B}.Release|Any CPU.ActiveCfg = Release|Any CPU
		{59B08B5E-1907-4DC1-AC2F-774F31752B9B}.Release|Any CPU.Build.0 = Release|Any CPU
		{AC1CEC54-BAC9-4AD5-B764-D42E27F93084}.Debug|Any CPU.ActiveCfg = Debug|Any CPU
		{AC1CEC54-BAC9-4AD5-B764-D42E27F93084}.Debug|Any CPU.Build.0 = Debug|Any CPU
		{AC1CEC54-BAC9-4AD5-B764-D42E27F93084}.Release|Any CPU.ActiveCfg = Release|Any CPU
		{AC1CEC54-BAC9-4AD5-B764-D42E27F93084}.Release|Any CPU.Build.0 = Release|Any CPU
	EndGlobalSection
	GlobalSection(SolutionProperties) = preSolution
		HideSolutionNode = FALSE
	EndGlobalSection
	GlobalSection(NestedProjects) = preSolution
		{ECD4F01C-5D13-48FD-9C37-E30CE3E5E194} = {F4F1B61C-C9AB-462D-9189-951D44220368}
		{F4F1B61C-C9AB-462D-9189-951D44220368} = {812F333B-017C-453F-9668-6D56E964302E}
		{3EC64521-CC15-4B06-AA93-30DF34D65823} = {F4F1B61C-C9AB-462D-9189-951D44220368}
		{B50C5B9C-2587-4AA9-A709-1923EF6FFC44} = {F4F1B61C-C9AB-462D-9189-951D44220368}
		{10866484-B452-4E5D-B782-F5DBCCD46A35} = {812F333B-017C-453F-9668-6D56E964302E}
		{74F7ED6B-4D95-4F02-805C-4C1ADB0687D1} = {10866484-B452-4E5D-B782-F5DBCCD46A35}
		{CBB8B542-87BF-489F-8F9F-3335CC2E358B} = {F4F1B61C-C9AB-462D-9189-951D44220368}
		{5C9694C7-0856-4FA1-BBDD-4D5C6E131964} = {72CCCB7D-C70E-492A-9509-6F5E5D679FEB}
		{59B08B5E-1907-4DC1-AC2F-774F31752B9B} = {DC311660-D7F5-4018-9E8A-B245C9B5ED20}
	EndGlobalSection
	GlobalSection(ExtensibilityGlobals) = postSolution
		SolutionGuid = {4F0D750B-E9F2-4599-B018-FF9634A80B05}
	EndGlobalSection
EndGlobal
